
Microsoft Visual Studio Solution File, Format Version 12.00
# Visual Studio Version 16
VisualStudioVersion = 16.0.32126.315
MinimumVisualStudioVersion = 10.0.40219.1
Project("{9A19103F-16F7-4668-BE54-9A1E7A4F7556}") = "Todo.WebAPI", "Todo.WebAPI\Todo.WebAPI.csproj", "{728D0AB1-705E-4776-945F-4A9429880F4F}"
EndProject
Global
	GlobalSection(SolutionConfigurationPlatforms) = preSolution
		Debug|Any CPU = Debug|Any CPU
		Release|Any CPU = Release|Any CPU
	EndGlobalSection
	GlobalSection(ProjectConfigurationPlatforms) = postSolution
		{728D0AB1-705E-4776-945F-4A9429880F4F}.Debug|Any CPU.ActiveCfg = Debug|Any CPU
		{728D0AB1-705E-4776-945F-4A9429880F4F}.Debug|Any CPU.Build.0 = Debug|Any CPU
		{728D0AB1-705E-4776-945F-4A9429880F4F}.Release|Any CPU.ActiveCfg = Release|Any CPU
		{728D0AB1-705E-4776-945F-4A9429880F4F}.Release|Any CPU.Build.0 = Release|Any CPU
	EndGlobalSection
	GlobalSection(SolutionProperties) = preSolution
		HideSolutionNode = FALSE
	EndGlobalSection
	GlobalSection(ExtensibilityGlobals) = postSolution
		SolutionGuid = {954DDC00-929B-4443-B46B-BB5D5CE42427}
	EndGlobalSection
EndGlobal
